
Microsoft Visual Studio Solution File, Format Version 12.00
# Visual Studio Version 16
VisualStudioVersion = 16.0.30011.22
MinimumVisualStudioVersion = 10.0.40219.1
Project("{9A19103F-16F7-4668-BE54-9A1E7A4F7556}") = "LMS.Web", "LMS.Web\LMS.Web.csproj", "{652D053E-E4AA-499B-9079-F46195E3BFC0}"
EndProject
Project("{9A19103F-16F7-4668-BE54-9A1E7A4F7556}") = "LMS.Model", "LMS.Model\LMS.Model.csproj", "{9B5ED610-0A91-41B2-99D7-107C31DF24B7}"
EndProject
Project("{9A19103F-16F7-4668-BE54-9A1E7A4F7556}") = "LMS.IRepository", "LMS.IRepository\LMS.IRepository.csproj", "{88291238-E3A7-4B62-B962-87CBC30864EC}"
EndProject
Project("{9A19103F-16F7-4668-BE54-9A1E7A4F7556}") = "LMS.Repository", "LMS.Repository\LMS.Repository.csproj", "{C77C6962-0ABB-40C0-9BB6-0FE0466206FC}"
EndProject
Project("{2150E333-8FDC-42A3-9474-1A3956D46DE8}") = "LMS.Repositiries", "LMS.Repositiries", "{A3FD7D72-BF4D-4E5F-8122-640384E746E8}"
EndProject
Project("{9A19103F-16F7-4668-BE54-9A1E7A4F7556}") = "LMS.HangFire", "LMS.HangFireWeb\LMS.HangFire.csproj", "{5AE07B18-C508-425E-B092-51363C449D6B}"
EndProject
Project("{9A19103F-16F7-4668-BE54-9A1E7A4F7556}") = "LMS.WebApi", "LMS.WebApi\LMS.WebApi.csproj", "{62759953-FF42-4034-B106-CFF8732AD8C7}"
EndProject
Global
	GlobalSection(SolutionConfigurationPlatforms) = preSolution
		Debug|Any CPU = Debug|Any CPU
		Release|Any CPU = Release|Any CPU
	EndGlobalSection
	GlobalSection(ProjectConfigurationPlatforms) = postSolution
		{652D053E-E4AA-499B-9079-F46195E3BFC0}.Debug|Any CPU.ActiveCfg = Debug|Any CPU
		{652D053E-E4AA-499B-9079-F46195E3BFC0}.Debug|Any CPU.Build.0 = Debug|Any CPU
		{652D053E-E4AA-499B-9079-F46195E3BFC0}.Release|Any CPU.ActiveCfg = Release|Any CPU
		{652D053E-E4AA-499B-9079-F46195E3BFC0}.Release|Any CPU.Build.0 = Release|Any CPU
		{9B5ED610-0A91-41B2-99D7-107C31DF24B7}.Debug|Any CPU.ActiveCfg = Debug|Any CPU
		{9B5ED610-0A91-41B2-99D7-107C31DF24B7}.Debug|Any CPU.Build.0 = Debug|Any CPU
		{9B5ED610-0A91-41B2-99D7-107C31DF24B7}.Release|Any CPU.ActiveCfg = Release|Any CPU
		{9B5ED610-0A91-41B2-99D7-107C31DF24B7}.Release|Any CPU.Build.0 = Release|Any CPU
		{88291238-E3A7-4B62-B962-87CBC30864EC}.Debug|Any CPU.ActiveCfg = Debug|Any CPU
		{88291238-E3A7-4B62-B962-87CBC30864EC}.Debug|Any CPU.Build.0 = Debug|Any CPU
		{88291238-E3A7-4B62-B962-87CBC30864EC}.Release|Any CPU.ActiveCfg = Release|Any CPU
		{88291238-E3A7-4B62-B962-87CBC30864EC}.Release|Any CPU.Build.0 = Release|Any CPU
		{C77C6962-0ABB-40C0-9BB6-0FE0466206FC}.Debug|Any CPU.ActiveCfg = Debug|Any CPU
		{C77C6962-0ABB-40C0-9BB6-0FE0466206FC}.Debug|Any CPU.Build.0 = Debug|Any CPU
		{C77C6962-0ABB-40C0-9BB6-0FE0466206FC}.Release|Any CPU.ActiveCfg = Release|Any CPU
		{C77C6962-0ABB-40C0-9BB6-0FE0466206FC}.Release|Any CPU.Build.0 = Release|Any CPU
		{5AE07B18-C508-425E-B092-51363C449D6B}.Debug|Any CPU.ActiveCfg = Debug|Any CPU
		{5AE07B18-C508-425E-B092-51363C449D6B}.Debug|Any CPU.Build.0 = Debug|Any CPU
		{5AE07B18-C508-425E-B092-51363C449D6B}.Release|Any CPU.ActiveCfg = Release|Any CPU
		{5AE07B18-C508-425E-B092-51363C449D6B}.Release|Any CPU.Build.0 = Release|Any CPU
		{62759953-FF42-4034-B106-CFF8732AD8C7}.Debug|Any CPU.ActiveCfg = Debug|Any CPU
		{62759953-FF42-4034-B106-CFF8732AD8C7}.Debug|Any CPU.Build.0 = Debug|Any CPU
		{62759953-FF42-4034-B106-CFF8732AD8C7}.Release|Any CPU.ActiveCfg = Release|Any CPU
		{62759953-FF42-4034-B106-CFF8732AD8C7}.Release|Any CPU.Build.0 = Release|Any CPU
	EndGlobalSection
	GlobalSection(SolutionProperties) = preSolution
		HideSolutionNode = FALSE
	EndGlobalSection
	GlobalSection(NestedProjects) = preSolution
		{88291238-E3A7-4B62-B962-87CBC30864EC} = {A3FD7D72-BF4D-4E5F-8122-640384E746E8}
		{C77C6962-0ABB-40C0-9BB6-0FE0466206FC} = {A3FD7D72-BF4D-4E5F-8122-640384E746E8}
	EndGlobalSection
	GlobalSection(ExtensibilityGlobals) = postSolution
		SolutionGuid = {629D9059-3A54-4B92-8986-3D73B0F7A66D}
	EndGlobalSection
EndGlobal
